
Microsoft Visual Studio Solution File, Format Version 12.00
Project("{FAE04EC0-301F-11D3-BF4B-00C04F79EFBC}") = "Api", "Api\Api.csproj", "{1E5A969D-D661-4501-9B7A-664738034D25}"
EndProject
Project("{FAE04EC0-301F-11D3-BF4B-00C04F79EFBC}") = "SS.Domain", "SS.Domain\SS.Domain.csproj", "{4DEEB656-88A8-440D-BAA5-03CDEE5BD502}"
EndProject
Project("{FAE04EC0-301F-11D3-BF4B-00C04F79EFBC}") = "SS.DAL", "SS.DAL\SS.DAL.csproj", "{9C581C92-FD2B-4F78-9518-13017C88CBA0}"
EndProject
Project("{2150E333-8FDC-42A3-9474-1A3956D46DE8}") = "Tests", "Tests", "{F4A62CCD-3484-4767-AC9B-F087C29486B8}"
EndProject
Project("{FAE04EC0-301F-11D3-BF4B-00C04F79EFBC}") = "SS.Domain.Tests", "SS.Domain.Tests\SS.Domain.Tests.csproj", "{C6F88008-8C57-4CAA-B06C-DFA64BD1C7E6}"
EndProject
Project("{FAE04EC0-301F-11D3-BF4B-00C04F79EFBC}") = "SS.Common", "SS.Common\SS.Common.csproj", "{B41F6CE1-0138-428E-8E5C-52150654BBD1}"
EndProject
Project("{FAE04EC0-301F-11D3-BF4B-00C04F79EFBC}") = "SS.DAL.Tests", "SS.DAL.Tests\SS.DAL.Tests.csproj", "{EE50BC86-63E8-429C-8769-D49A8D5D89DE}"
EndProject
Global
	GlobalSection(SolutionConfigurationPlatforms) = preSolution
		Debug|Any CPU = Debug|Any CPU
		Release|Any CPU = Release|Any CPU
	EndGlobalSection
	GlobalSection(ProjectConfigurationPlatforms) = postSolution
		{1E5A969D-D661-4501-9B7A-664738034D25}.Debug|Any CPU.ActiveCfg = Debug|Any CPU
		{1E5A969D-D661-4501-9B7A-664738034D25}.Debug|Any CPU.Build.0 = Debug|Any CPU
		{1E5A969D-D661-4501-9B7A-664738034D25}.Release|Any CPU.ActiveCfg = Release|Any CPU
		{1E5A969D-D661-4501-9B7A-664738034D25}.Release|Any CPU.Build.0 = Release|Any CPU
		{4DEEB656-88A8-440D-BAA5-03CDEE5BD502}.Debug|Any CPU.ActiveCfg = Debug|Any CPU
		{4DEEB656-88A8-440D-BAA5-03CDEE5BD502}.Debug|Any CPU.Build.0 = Debug|Any CPU
		{4DEEB656-88A8-440D-BAA5-03CDEE5BD502}.Release|Any CPU.ActiveCfg = Release|Any CPU
		{4DEEB656-88A8-440D-BAA5-03CDEE5BD502}.Release|Any CPU.Build.0 = Release|Any CPU
		{9C581C92-FD2B-4F78-9518-13017C88CBA0}.Debug|Any CPU.ActiveCfg = Debug|Any CPU
		{9C581C92-FD2B-4F78-9518-13017C88CBA0}.Debug|Any CPU.Build.0 = Debug|Any CPU
		{9C581C92-FD2B-4F78-9518-13017C88CBA0}.Release|Any CPU.ActiveCfg = Release|Any CPU
		{9C581C92-FD2B-4F78-9518-13017C88CBA0}.Release|Any CPU.Build.0 = Release|Any CPU
		{C6F88008-8C57-4CAA-B06C-DFA64BD1C7E6}.Debug|Any CPU.ActiveCfg = Debug|Any CPU
		{C6F88008-8C57-4CAA-B06C-DFA64BD1C7E6}.Debug|Any CPU.Build.0 = Debug|Any CPU
		{C6F88008-8C57-4CAA-B06C-DFA64BD1C7E6}.Release|Any CPU.ActiveCfg = Release|Any CPU
		{C6F88008-8C57-4CAA-B06C-DFA64BD1C7E6}.Release|Any CPU.Build.0 = Release|Any CPU
		{B41F6CE1-0138-428E-8E5C-52150654BBD1}.Debug|Any CPU.ActiveCfg = Debug|Any CPU
		{B41F6CE1-0138-428E-8E5C-52150654BBD1}.Debug|Any CPU.Build.0 = Debug|Any CPU
		{B41F6CE1-0138-428E-8E5C-52150654BBD1}.Release|Any CPU.ActiveCfg = Release|Any CPU
		{B41F6CE1-0138-428E-8E5C-52150654BBD1}.Release|Any CPU.Build.0 = Release|Any CPU
		{EE50BC86-63E8-429C-8769-D49A8D5D89DE}.Debug|Any CPU.ActiveCfg = Debug|Any CPU
		{EE50BC86-63E8-429C-8769-D49A8D5D89DE}.Debug|Any CPU.Build.0 = Debug|Any CPU
		{EE50BC86-63E8-429C-8769-D49A8D5D89DE}.Release|Any CPU.ActiveCfg = Release|Any CPU
		{EE50BC86-63E8-429C-8769-D49A8D5D89DE}.Release|Any CPU.Build.0 = Release|Any CPU
	EndGlobalSection
	GlobalSection(NestedProjects) = preSolution
		{C6F88008-8C57-4CAA-B06C-DFA64BD1C7E6} = {F4A62CCD-3484-4767-AC9B-F087C29486B8}
		{EE50BC86-63E8-429C-8769-D49A8D5D89DE} = {F4A62CCD-3484-4767-AC9B-F087C29486B8}
	EndGlobalSection
EndGlobal
